
Microsoft Visual Studio Solution File, Format Version 12.00
# Visual Studio Version 16
VisualStudioVersion = 16.0.30621.155
MinimumVisualStudioVersion = 10.0.40219.1
Project("{FAE04EC0-301F-11D3-BF4B-00C04F79EFBC}") = "CustomerLibrary", "CustomerLibrary\CustomerLibrary.csproj", "{E09F1E6A-7EA5-45CA-962D-CAB96D0EDE56}"
EndProject
Project("{FAE04EC0-301F-11D3-BF4B-00C04F79EFBC}") = "CustomerServiceHostConsole", "CustomerServiceConsoleClient\CustomerServiceHostConsole.csproj", "{D854F0B0-5193-4A2D-BE13-6527B72B0F3A}"
EndProject
Project("{FAE04EC0-301F-11D3-BF4B-00C04F79EFBC}") = "CustomerConsoleClient", "CustomerConsoleClient\CustomerConsoleClient.csproj", "{C0B80F0A-8D47-4980-BEB9-51693A340B76}"
	ProjectSection(ProjectDependencies) = postProject
		{E09F1E6A-7EA5-45CA-962D-CAB96D0EDE56} = {E09F1E6A-7EA5-45CA-962D-CAB96D0EDE56}
	EndProjectSection
EndProject
Global
	GlobalSection(SolutionConfigurationPlatforms) = preSolution
		Debug|Any CPU = Debug|Any CPU
		Release|Any CPU = Release|Any CPU
	EndGlobalSection
	GlobalSection(ProjectConfigurationPlatforms) = postSolution
		{E09F1E6A-7EA5-45CA-962D-CAB96D0EDE56}.Debug|Any CPU.ActiveCfg = Debug|Any CPU
		{E09F1E6A-7EA5-45CA-962D-CAB96D0EDE56}.Debug|Any CPU.Build.0 = Debug|Any CPU
		{E09F1E6A-7EA5-45CA-962D-CAB96D0EDE56}.Release|Any CPU.ActiveCfg = Release|Any CPU
		{E09F1E6A-7EA5-45CA-962D-CAB96D0EDE56}.Release|Any CPU.Build.0 = Release|Any CPU
		{D854F0B0-5193-4A2D-BE13-6527B72B0F3A}.Debug|Any CPU.ActiveCfg = Debug|Any CPU
		{D854F0B0-5193-4A2D-BE13-6527B72B0F3A}.Debug|Any CPU.Build.0 = Debug|Any CPU
		{D854F0B0-5193-4A2D-BE13-6527B72B0F3A}.Release|Any CPU.ActiveCfg = Release|Any CPU
		{D854F0B0-5193-4A2D-BE13-6527B72B0F3A}.Release|Any CPU.Build.0 = Release|Any CPU
		{C0B80F0A-8D47-4980-BEB9-51693A340B76}.Debug|Any CPU.ActiveCfg = Debug|Any CPU
		{C0B80F0A-8D47-4980-BEB9-51693A340B76}.Debug|Any CPU.Build.0 = Debug|Any CPU
		{C0B80F0A-8D47-4980-BEB9-51693A340B76}.Release|Any CPU.ActiveCfg = Release|Any CPU
		{C0B80F0A-8D47-4980-BEB9-51693A340B76}.Release|Any CPU.Build.0 = Release|Any CPU
	EndGlobalSection
	GlobalSection(SolutionProperties) = preSolution
		HideSolutionNode = FALSE
	EndGlobalSection
	GlobalSection(ExtensibilityGlobals) = postSolution
		SolutionGuid = {4B6503A5-D245-42DD-81B1-AEB038B33873}
	EndGlobalSection
EndGlobal
